// !$*UTF8*$!
{
	archiveVersion = 1;
	classes = {
	};
	objectVersion = 50;
	objects = {

/* Begin PBXBuildFile section */
		CC3B962F24DB981900FF2623 /* AppDelegate.swift in Sources */ = {isa = PBXBuildFile; fileRef = CC3B962E24DB981900FF2623 /* AppDelegate.swift */; };
		CC3B963124DB981900FF2623 /* SceneDelegate.swift in Sources */ = {isa = PBXBuildFile; fileRef = CC3B963024DB981900FF2623 /* SceneDelegate.swift */; };
		CC3B963324DB981900FF2623 /* ViewController.swift in Sources */ = {isa = PBXBuildFile; fileRef = CC3B963224DB981900FF2623 /* ViewController.swift */; };
		CC3B963624DB981900FF2623 /* Main.storyboard in Resources */ = {isa = PBXBuildFile; fileRef = CC3B963424DB981900FF2623 /* Main.storyboard */; };
		CC3B963824DB981B00FF2623 /* Assets.xcassets in Resources */ = {isa = PBXBuildFile; fileRef = CC3B963724DB981B00FF2623 /* Assets.xcassets */; };
		CC3B963B24DB981B00FF2623 /* LaunchScreen.storyboard in Resources */ = {isa = PBXBuildFile; fileRef = CC3B963924DB981B00FF2623 /* LaunchScreen.storyboard */; };
		CC3B964624DB981B00FF2623 /* Yasmin_A_TableView_ExerciseTests.swift in Sources */ = {isa = PBXBuildFile; fileRef = CC3B964524DB981B00FF2623 /* Yasmin_A_TableView_ExerciseTests.swift */; };
		CC3B965124DB981B00FF2623 /* Yasmin_A_TableView_ExerciseUITests.swift in Sources */ = {isa = PBXBuildFile; fileRef = CC3B965024DB981B00FF2623 /* Yasmin_A_TableView_ExerciseUITests.swift */; };
/* End PBXBuildFile section */

/* Begin PBXContainerItemProxy section */
		CC3B964224DB981B00FF2623 /* PBXContainerItemProxy */ = {
			isa = PBXContainerItemProxy;
			containerPortal = CC3B962324DB981900FF2623 /* Project object */;
			proxyType = 1;
			remoteGlobalIDString = CC3B962A24DB981900FF2623;
			remoteInfo = Yasmin_A_TableView_Exercise;
		};
		CC3B964D24DB981B00FF2623 /* PBXContainerItemProxy */ = {
			isa = PBXContainerItemProxy;
			containerPortal = CC3B962324DB981900FF2623 /* Project object */;
			proxyType = 1;
			remoteGlobalIDString = CC3B962A24DB981900FF2623;
			remoteInfo = Yasmin_A_TableView_Exercise;
		};
/* End PBXContainerItemProxy section */

/* Begin PBXFileReference section */
		CC3B962B24DB981900FF2623 /* Yasmin_A_TableView_Exercise.app */ = {isa = PBXFileReference; explicitFileType = wrapper.application; includeInIndex = 0; path = Yasmin_A_TableView_Exercise.app; sourceTree = BUILT_PRODUCTS_DIR; };
		CC3B962E24DB981900FF2623 /* AppDelegate.swift */ = {isa = PBXFileReference; lastKnownFileType = sourcecode.swift; path = AppDelegate.swift; sourceTree = "<group>"; };
		CC3B963024DB981900FF2623 /* SceneDelegate.swift */ = {isa = PBXFileReference; lastKnownFileType = sourcecode.swift; path = SceneDelegate.swift; sourceTree = "<group>"; };
		CC3B963224DB981900FF2623 /* ViewController.swift */ = {isa = PBXFileReference; lastKnownFileType = sourcecode.swift; path = ViewController.swift; sourceTree = "<group>"; };
		CC3B963524DB981900FF2623 /* Base */ = {isa = PBXFileReference; lastKnownFileType = file.storyboard; name = Base; path = Base.lproj/Main.storyboard; sourceTree = "<group>"; };
		CC3B963724DB981B00FF2623 /* Assets.xcassets */ = {isa = PBXFileReference; lastKnownFileType = folder.assetcatalog; path = Assets.xcassets; sourceTree = "<group>"; };
		CC3B963A24DB981B00FF2623 /* Base */ = {isa = PBXFileReference; lastKnownFileType = file.storyboard; name = Base; path = Base.lproj/LaunchScreen.storyboard; sourceTree = "<group>"; };
		CC3B963C24DB981B00FF2623 /* Info.plist */ = {isa = PBXFileReference; lastKnownFileType = text.plist; name = Info.plist; path = ../Yasmin_A_TableView_Exercise/Yasmin_A_TableView_ExerciseTests/Info.plist; sourceTree = "<group>"; };
		CC3B964124DB981B00FF2623 /* Yasmin_A_TableView_ExerciseTests.xctest */ = {isa = PBXFileReference; explicitFileType = wrapper.cfbundle; includeInIndex = 0; path = Yasmin_A_TableView_ExerciseTests.xctest; sourceTree = BUILT_PRODUCTS_DIR; };
		CC3B964524DB981B00FF2623 /* Yasmin_A_TableView_ExerciseTests.swift */ = {isa = PBXFileReference; lastKnownFileType = sourcecode.swift; path = Yasmin_A_TableView_ExerciseTests.swift; sourceTree = "<group>"; };
		CC3B964724DB981B00FF2623 /* Info.plist */ = {isa = PBXFileReference; lastKnownFileType = text.plist.xml; path = Info.plist; sourceTree = "<group>"; };
		CC3B964C24DB981B00FF2623 /* Yasmin_A_TableView_ExerciseUITests.xctest */ = {isa = PBXFileReference; explicitFileType = wrapper.cfbundle; includeInIndex = 0; path = Yasmin_A_TableView_ExerciseUITests.xctest; sourceTree = BUILT_PRODUCTS_DIR; };
		CC3B965024DB981B00FF2623 /* Yasmin_A_TableView_ExerciseUITests.swift */ = {isa = PBXFileReference; lastKnownFileType = sourcecode.swift; path = Yasmin_A_TableView_ExerciseUITests.swift; sourceTree = "<group>"; };
		CC3B965224DB981B00FF2623 /* Info.plist */ = {isa = PBXFileReference; lastKnownFileType = text.plist.xml; path = Info.plist; sourceTree = "<group>"; };
/* End PBXFileReference section */

/* Begin PBXFrameworksBuildPhase section */
		CC3B962824DB981900FF2623 /* Frameworks */ = {
			isa = PBXFrameworksBuildPhase;
			buildActionMask = 2147483647;
			files = (
			);
			runOnlyForDeploymentPostprocessing = 0;
		};
		CC3B963E24DB981B00FF2623 /* Frameworks */ = {
			isa = PBXFrameworksBuildPhase;
			buildActionMask = 2147483647;
			files = (
			);
			runOnlyForDeploymentPostprocessing = 0;
		};
		CC3B964924DB981B00FF2623 /* Frameworks */ = {
			isa = PBXFrameworksBuildPhase;
			buildActionMask = 2147483647;
			files = (
			);
			runOnlyForDeploymentPostprocessing = 0;
		};
/* End PBXFrameworksBuildPhase section */

/* Begin PBXGroup section */
		CC3B962224DB981900FF2623 = {
			isa = PBXGroup;
			children = (
				CC3B962D24DB981900FF2623 /* Yasmin_A_TableView_Exercise */,
				CC3B964424DB981B00FF2623 /* Yasmin_A_TableView_ExerciseTests */,
				CC3B964F24DB981B00FF2623 /* Yasmin_A_TableView_ExerciseUITests */,
				CC3B962C24DB981900FF2623 /* Products */,
			);
			sourceTree = "<group>";
		};
		CC3B962C24DB981900FF2623 /* Products */ = {
			isa = PBXGroup;
			children = (
				CC3B962B24DB981900FF2623 /* Yasmin_A_TableView_Exercise.app */,
				CC3B964124DB981B00FF2623 /* Yasmin_A_TableView_ExerciseTests.xctest */,
				CC3B964C24DB981B00FF2623 /* Yasmin_A_TableView_ExerciseUITests.xctest */,
			);
			name = Products;
			sourceTree = "<group>";
		};
		CC3B962D24DB981900FF2623 /* Yasmin_A_TableView_Exercise */ = {
			isa = PBXGroup;
			children = (
				CC3B962E24DB981900FF2623 /* AppDelegate.swift */,
				CC3B963024DB981900FF2623 /* SceneDelegate.swift */,
				CC3B963224DB981900FF2623 /* ViewController.swift */,
				CC3B963424DB981900FF2623 /* Main.storyboard */,
				CC3B963724DB981B00FF2623 /* Assets.xcassets */,
				CC3B963924DB981B00FF2623 /* LaunchScreen.storyboard */,
			);
			path = Yasmin_A_TableView_Exercise;
			sourceTree = "<group>";
		};
		CC3B964424DB981B00FF2623 /* Yasmin_A_TableView_ExerciseTests */ = {
			isa = PBXGroup;
			children = (
				CC3B963C24DB981B00FF2623 /* Info.plist */,
				CC3B964524DB981B00FF2623 /* Yasmin_A_TableView_ExerciseTests.swift */,
				CC3B964724DB981B00FF2623 /* Info.plist */,
			);
			path = Yasmin_A_TableView_ExerciseTests;
			sourceTree = "<group>";
		};
		CC3B964F24DB981B00FF2623 /* Yasmin_A_TableView_ExerciseUITests */ = {
			isa = PBXGroup;
			children = (
				CC3B965024DB981B00FF2623 /* Yasmin_A_TableView_ExerciseUITests.swift */,
				CC3B965224DB981B00FF2623 /* Info.plist */,
			);
			path = Yasmin_A_TableView_ExerciseUITests;
			sourceTree = "<group>";
		};
/* End PBXGroup section */

/* Begin PBXNativeTarget section */
		CC3B962A24DB981900FF2623 /* Yasmin_A_TableView_Exercise */ = {
			isa = PBXNativeTarget;
			buildConfigurationList = CC3B965524DB981B00FF2623 /* Build configuration list for PBXNativeTarget "Yasmin_A_TableView_Exercise" */;
			buildPhases = (
				CC3B962724DB981900FF2623 /* Sources */,
				CC3B962824DB981900FF2623 /* Frameworks */,
				CC3B962924DB981900FF2623 /* Resources */,
			);
			buildRules = (
			);
			dependencies = (
			);
			name = Yasmin_A_TableView_Exercise;
			productName = Yasmin_A_TableView_Exercise;
			productReference = CC3B962B24DB981900FF2623 /* Yasmin_A_TableView_Exercise.app */;
			productType = "com.apple.product-type.application";
		};
		CC3B964024DB981B00FF2623 /* Yasmin_A_TableView_ExerciseTests */ = {
			isa = PBXNativeTarget;
			buildConfigurationList = CC3B965824DB981B00FF2623 /* Build configuration list for PBXNativeTarget "Yasmin_A_TableView_ExerciseTests" */;
			buildPhases = (
				CC3B963D24DB981B00FF2623 /* Sources */,
				CC3B963E24DB981B00FF2623 /* Frameworks */,
				CC3B963F24DB981B00FF2623 /* Resources */,
			);
			buildRules = (
			);
			dependencies = (
				CC3B964324DB981B00FF2623 /* PBXTargetDependency */,
			);
			name = Yasmin_A_TableView_ExerciseTests;
			productName = Yasmin_A_TableView_ExerciseTests;
			productReference = CC3B964124DB981B00FF2623 /* Yasmin_A_TableView_ExerciseTests.xctest */;
			productType = "com.apple.product-type.bundle.unit-test";
		};
		CC3B964B24DB981B00FF2623 /* Yasmin_A_TableView_ExerciseUITests */ = {
			isa = PBXNativeTarget;
			buildConfigurationList = CC3B965B24DB981B00FF2623 /* Build configuration list for PBXNativeTarget "Yasmin_A_TableView_ExerciseUITests" */;
			buildPhases = (
				CC3B964824DB981B00FF2623 /* Sources */,
				CC3B964924DB981B00FF2623 /* Frameworks */,
				CC3B964A24DB981B00FF2623 /* Resources */,
			);
			buildRules = (
			);
			dependencies = (
				CC3B964E24DB981B00FF2623 /* PBXTargetDependency */,
			);
			name = Yasmin_A_TableView_ExerciseUITests;
			productName = Yasmin_A_TableView_ExerciseUITests;
			productReference = CC3B964C24DB981B00FF2623 /* Yasmin_A_TableView_ExerciseUITests.xctest */;
			productType = "com.apple.product-type.bundle.ui-testing";
		};
/* End PBXNativeTarget section */

/* Begin PBXProject section */
		CC3B962324DB981900FF2623 /* Project object */ = {
			isa = PBXProject;
			attributes = {
				LastSwiftUpdateCheck = 1130;
				LastUpgradeCheck = 1130;
				ORGANIZATIONNAME = "Yasmin Alberto Ruiz";
				TargetAttributes = {
					CC3B962A24DB981900FF2623 = {
						CreatedOnToolsVersion = 11.3.1;
					};
					CC3B964024DB981B00FF2623 = {
						CreatedOnToolsVersion = 11.3.1;
						TestTargetID = CC3B962A24DB981900FF2623;
					};
					CC3B964B24DB981B00FF2623 = {
						CreatedOnToolsVersion = 11.3.1;
						TestTargetID = CC3B962A24DB981900FF2623;
					};
				};
			};
			buildConfigurationList = CC3B962624DB981900FF2623 /* Build configuration list for PBXProject "Yasmin_A_TableView_Exercise" */;
			compatibilityVersion = "Xcode 9.3";
			developmentRegion = en;
			hasScannedForEncodings = 0;
			knownRegions = (
				en,
				Base,
			);
			mainGroup = CC3B962224DB981900FF2623;
			productRefGroup = CC3B962C24DB981900FF2623 /* Products */;
			projectDirPath = "";
			projectRoot = "";
			targets = (
				CC3B962A24DB981900FF2623 /* Yasmin_A_TableView_Exercise */,
				CC3B964024DB981B00FF2623 /* Yasmin_A_TableView_ExerciseTests */,
				CC3B964B24DB981B00FF2623 /* Yasmin_A_TableView_ExerciseUITests */,
			);
		};
/* End PBXProject section */

/* Begin PBXResourcesBuildPhase section */
		CC3B962924DB981900FF2623 /* Resources */ = {
			isa = PBXResourcesBuildPhase;
			buildActionMask = 2147483647;
			files = (
				CC3B963B24DB981B00FF2623 /* LaunchScreen.storyboard in Resources */,
				CC3B963824DB981B00FF2623 /* Assets.xcassets in Resources */,
				CC3B963624DB981900FF2623 /* Main.storyboard in Resources */,
			);
			runOnlyForDeploymentPostprocessing = 0;
		};
		CC3B963F24DB981B00FF2623 /* Resources */ = {
			isa = PBXResourcesBuildPhase;
			buildActionMask = 2147483647;
			files = (
			);
			runOnlyForDeploymentPostprocessing = 0;
		};
		CC3B964A24DB981B00FF2623 /* Resources */ = {
			isa = PBXResourcesBuildPhase;
			buildActionMask = 2147483647;
			files = (
			);
			runOnlyForDeploymentPostprocessing = 0;
		};
/* End PBXResourcesBuildPhase section */

/* Begin PBXSourcesBuildPhase section */
		CC3B962724DB981900FF2623 /* Sources */ = {
			isa = PBXSourcesBuildPhase;
			buildActionMask = 2147483647;
			files = (
				CC3B963324DB981900FF2623 /* ViewController.swift in Sources */,
				CC3B962F24DB981900FF2623 /* AppDelegate.swift in Sources */,
				CC3B963124DB981900FF2623 /* SceneDelegate.swift in Sources */,
			);
			runOnlyForDeploymentPostprocessing = 0;
		};
		CC3B963D24DB981B00FF2623 /* Sources */ = {
			isa = PBXSourcesBuildPhase;
			buildActionMask = 2147483647;
			files = (
				CC3B964624DB981B00FF2623 /* Yasmin_A_TableView_ExerciseTests.swift in Sources */,
			);
			runOnlyForDeploymentPostprocessing = 0;
		};
		CC3B964824DB981B00FF2623 /* Sources */ = {
			isa = PBXSourcesBuildPhase;
			buildActionMask = 2147483647;
			files = (
				CC3B965124DB981B00FF2623 /* Yasmin_A_TableView_ExerciseUITests.swift in Sources */,
			);
			runOnlyForDeploymentPostprocessing = 0;
		};
/* End PBXSourcesBuildPhase section */

/* Begin PBXTargetDependency section */
		CC3B964324DB981B00FF2623 /* PBXTargetDependency */ = {
			isa = PBXTargetDependency;
			target = CC3B962A24DB981900FF2623 /* Yasmin_A_TableView_Exercise */;
			targetProxy = CC3B964224DB981B00FF2623 /* PBXContainerItemProxy */;
		};
		CC3B964E24DB981B00FF2623 /* PBXTargetDependency */ = {
			isa = PBXTargetDependency;
			target = CC3B962A24DB981900FF2623 /* Yasmin_A_TableView_Exercise */;
			targetProxy = CC3B964D24DB981B00FF2623 /* PBXContainerItemProxy */;
		};
/* End PBXTargetDependency section */

/* Begin PBXVariantGroup section */
		CC3B963424DB981900FF2623 /* Main.storyboard */ = {
			isa = PBXVariantGroup;
			children = (
				CC3B963524DB981900FF2623 /* Base */,
			);
			name = Main.storyboard;
			sourceTree = "<group>";
		};
		CC3B963924DB981B00FF2623 /* LaunchScreen.storyboard */ = {
			isa = PBXVariantGroup;
			children = (
				CC3B963A24DB981B00FF2623 /* Base */,
			);
			name = LaunchScreen.storyboard;
			sourceTree = "<group>";
		};
/* End PBXVariantGroup section */

/* Begin XCBuildConfiguration section */
		CC3B965324DB981B00FF2623 /* Debug */ = {
			isa = XCBuildConfiguration;
			buildSettings = {
				ALWAYS_SEARCH_USER_PATHS = NO;
				CLANG_ANALYZER_NONNULL = YES;
				CLANG_ANALYZER_NUMBER_OBJECT_CONVERSION = YES_AGGRESSIVE;
				CLANG_CXX_LANGUAGE_STANDARD = "gnu++14";
				CLANG_CXX_LIBRARY = "libc++";
				CLANG_ENABLE_MODULES = YES;
				CLANG_ENABLE_OBJC_ARC = YES;
				CLANG_ENABLE_OBJC_WEAK = YES;
				CLANG_WARN_BLOCK_CAPTURE_AUTORELEASING = YES;
				CLANG_WARN_BOOL_CONVERSION = YES;
				CLANG_WARN_COMMA = YES;
				CLANG_WARN_CONSTANT_CONVERSION = YES;
				CLANG_WARN_DEPRECATED_OBJC_IMPLEMENTATIONS = YES;
				CLANG_WARN_DIRECT_OBJC_ISA_USAGE = YES_ERROR;
				CLANG_WARN_DOCUMENTATION_COMMENTS = YES;
				CLANG_WARN_EMPTY_BODY = YES;
				CLANG_WARN_ENUM_CONVERSION = YES;
				CLANG_WARN_INFINITE_RECURSION = YES;
				CLANG_WARN_INT_CONVERSION = YES;
				CLANG_WARN_NON_LITERAL_NULL_CONVERSION = YES;
				CLANG_WARN_OBJC_IMPLICIT_RETAIN_SELF = YES;
				CLANG_WARN_OBJC_LITERAL_CONVERSION = YES;
				CLANG_WARN_OBJC_ROOT_CLASS = YES_ERROR;
				CLANG_WARN_RANGE_LOOP_ANALYSIS = YES;
				CLANG_WARN_STRICT_PROTOTYPES = YES;
				CLANG_WARN_SUSPICIOUS_MOVE = YES;
				CLANG_WARN_UNGUARDED_AVAILABILITY = YES_AGGRESSIVE;
				CLANG_WARN_UNREACHABLE_CODE = YES;
				CLANG_WARN__DUPLICATE_METHOD_MATCH = YES;
				COPY_PHASE_STRIP = NO;
				DEBUG_INFORMATION_FORMAT = dwarf;
				ENABLE_STRICT_OBJC_MSGSEND = YES;
				ENABLE_TESTABILITY = YES;
				GCC_C_LANGUAGE_STANDARD = gnu11;
				GCC_DYNAMIC_NO_PIC = NO;
				GCC_NO_COMMON_BLOCKS = YES;
				GCC_OPTIMIZATION_LEVEL = 0;
				GCC_PREPROCESSOR_DEFINITIONS = (
					"DEBUG=1",
					"$(inherited)",
				);
				GCC_WARN_64_TO_32_BIT_CONVERSION = YES;
				GCC_WARN_ABOUT_RETURN_TYPE = YES_ERROR;
				GCC_WARN_UNDECLARED_SELECTOR = YES;
				GCC_WARN_UNINITIALIZED_AUTOS = YES_AGGRESSIVE;
				GCC_WARN_UNUSED_FUNCTION = YES;
				GCC_WARN_UNUSED_VARIABLE = YES;
				IPHONEOS_DEPLOYMENT_TARGET = 13.2;
				MTL_ENABLE_DEBUG_INFO = INCLUDE_SOURCE;
				MTL_FAST_MATH = YES;
				ONLY_ACTIVE_ARCH = YES;
				SDKROOT = iphoneos;
				SWIFT_ACTIVE_COMPILATION_CONDITIONS = DEBUG;
				SWIFT_OPTIMIZATION_LEVEL = "-Onone";
			};
			name = Debug;
		};
		CC3B965424DB981B00FF2623 /* Release */ = {
			isa = XCBuildConfiguration;
			buildSettings = {
				ALWAYS_SEARCH_USER_PATHS = NO;
				CLANG_ANALYZER_NONNULL = YES;
				CLANG_ANALYZER_NUMBER_OBJECT_CONVERSION = YES_AGGRESSIVE;
				CLANG_CXX_LANGUAGE_STANDARD = "gnu++14";
				CLANG_CXX_LIBRARY = "libc++";
				CLANG_ENABLE_MODULES = YES;
				CLANG_ENABLE_OBJC_ARC = YES;
				CLANG_ENABLE_OBJC_WEAK = YES;
				CLANG_WARN_BLOCK_CAPTURE_AUTORELEASING = YES;
				CLANG_WARN_BOOL_CONVERSION = YES;
				CLANG_WARN_COMMA = YES;
				CLANG_WARN_CONSTANT_CONVERSION = YES;
				CLANG_WARN_DEPRECATED_OBJC_IMPLEMENTATIONS = YES;
				CLANG_WARN_DIRECT_OBJC_ISA_USAGE = YES_ERROR;
				CLANG_WARN_DOCUMENTATION_COMMENTS = YES;
				CLANG_WARN_EMPTY_BODY = YES;
				CLANG_WARN_ENUM_CONVERSION = YES;
				CLANG_WARN_INFINITE_RECURSION = YES;
				CLANG_WARN_INT_CONVERSION = YES;
				CLANG_WARN_NON_LITERAL_NULL_CONVERSION = YES;
				CLANG_WARN_OBJC_IMPLICIT_RETAIN_SELF = YES;
				CLANG_WARN_OBJC_LITERAL_CONVERSION = YES;
				CLANG_WARN_OBJC_ROOT_CLASS = YES_ERROR;
				CLANG_WARN_RANGE_LOOP_ANALYSIS = YES;
				CLANG_WARN_STRICT_PROTOTYPES = YES;
				CLANG_WARN_SUSPICIOUS_MOVE = YES;
				CLANG_WARN_UNGUARDED_AVAILABILITY = YES_AGGRESSIVE;
				CLANG_WARN_UNREACHABLE_CODE = YES;
				CLANG_WARN__DUPLICATE_METHOD_MATCH = YES;
				COPY_PHASE_STRIP = NO;
				DEBUG_INFORMATION_FORMAT = "dwarf-with-dsym";
				ENABLE_NS_ASSERTIONS = NO;
				ENABLE_STRICT_OBJC_MSGSEND = YES;
				GCC_C_LANGUAGE_STANDARD = gnu11;
				GCC_NO_COMMON_BLOCKS = YES;
				GCC_WARN_64_TO_32_BIT_CONVERSION = YES;
				GCC_WARN_ABOUT_RETURN_TYPE = YES_ERROR;
				GCC_WARN_UNDECLARED_SELECTOR = YES;
				GCC_WARN_UNINITIALIZED_AUTOS = YES_AGGRESSIVE;
				GCC_WARN_UNUSED_FUNCTION = YES;
				GCC_WARN_UNUSED_VARIABLE = YES;
				IPHONEOS_DEPLOYMENT_TARGET = 13.2;
				MTL_ENABLE_DEBUG_INFO = NO;
				MTL_FAST_MATH = YES;
				SDKROOT = iphoneos;
				SWIFT_COMPILATION_MODE = wholemodule;
				SWIFT_OPTIMIZATION_LEVEL = "-O";
				VALIDATE_PRODUCT = YES;
			};
			name = Release;
		};
		CC3B965624DB981B00FF2623 /* Debug */ = {
			isa = XCBuildConfiguration;
			buildSettings = {
				ASSETCATALOG_COMPILER_APPICON_NAME = AppIcon;
				CODE_SIGN_STYLE = Automatic;
				INFOPLIST_FILE = Yasmin_A_TableView_Exercise/Info.plist;
				LD_RUNPATH_SEARCH_PATHS = (
					"$(inherited)",
					"@executable_path/Frameworks",
				);
				PRODUCT_BUNDLE_IDENTIFIER = "Genesys-Works.Yasmin-A-TableView-Exercise";
				PRODUCT_NAME = "$(TARGET_NAME)";
				SWIFT_VERSION = 5.0;
				TARGETED_DEVICE_FAMILY = "1,2";
			};
			name = Debug;
		};
		CC3B965724DB981B00FF2623 /* Release */ = {
			isa = XCBuildConfiguration;
			buildSettings = {
				ASSETCATALOG_COMPILER_APPICON_NAME = AppIcon;
				CODE_SIGN_STYLE = Automatic;
				INFOPLIST_FILE = Yasmin_A_TableView_Exercise/Info.plist;
				LD_RUNPATH_SEARCH_PATHS = (
					"$(inherited)",
					"@executable_path/Frameworks",
				);
				PRODUCT_BUNDLE_IDENTIFIER = "Genesys-Works.Yasmin-A-TableView-Exercise";
				PRODUCT_NAME = "$(TARGET_NAME)";
				SWIFT_VERSION = 5.0;
				TARGETED_DEVICE_FAMILY = "1,2";
			};
			name = Release;
		};
		CC3B965924DB981B00FF2623 /* Debug */ = {
			isa = XCBuildConfiguration;
			buildSettings = {
				ALWAYS_EMBED_SWIFT_STANDARD_LIBRARIES = YES;
				BUNDLE_LOADER = "$(TEST_HOST)";
				CODE_SIGN_STYLE = Automatic;
				INFOPLIST_FILE = Yasmin_A_TableView_ExerciseTests/Info.plist;
				IPHONEOS_DEPLOYMENT_TARGET = 13.2;
				LD_RUNPATH_SEARCH_PATHS = (
					"$(inherited)",
					"@executable_path/Frameworks",
					"@loader_path/Frameworks",
				);
				PRODUCT_BUNDLE_IDENTIFIER = "Genesys-Works.Yasmin-A-TableView-ExerciseTests";
				PRODUCT_NAME = "$(TARGET_NAME)";
				SWIFT_VERSION = 5.0;
				TARGETED_DEVICE_FAMILY = "1,2";
				TEST_HOST = "$(BUILT_PRODUCTS_DIR)/Yasmin_A_TableView_Exercise.app/Yasmin_A_TableView_Exercise";
			};
			name = Debug;
		};
		CC3B965A24DB981B00FF2623 /* Release */ = {
			isa = XCBuildConfiguration;
			buildSettings = {
				ALWAYS_EMBED_SWIFT_STANDARD_LIBRARIES = YES;
				BUNDLE_LOADER = "$(TEST_HOST)";
				CODE_SIGN_STYLE = Automatic;
				INFOPLIST_FILE = Yasmin_A_TableView_ExerciseTests/Info.plist;
				IPHONEOS_DEPLOYMENT_TARGET = 13.2;
				LD_RUNPATH_SEARCH_PATHS = (
					"$(inherited)",
					"@executable_path/Frameworks",
					"@loader_path/Frameworks",
				);
				PRODUCT_BUNDLE_IDENTIFIER = "Genesys-Works.Yasmin-A-TableView-ExerciseTests";
				PRODUCT_NAME = "$(TARGET_NAME)";
				SWIFT_VERSION = 5.0;
				TARGETED_DEVICE_FAMILY = "1,2";
				TEST_HOST = "$(BUILT_PRODUCTS_DIR)/Yasmin_A_TableView_Exercise.app/Yasmin_A_TableView_Exercise";
			};
			name = Release;
		};
		CC3B965C24DB981B00FF2623 /* Debug */ = {
			isa = XCBuildConfiguration;
			buildSettings = {
				ALWAYS_EMBED_SWIFT_STANDARD_LIBRARIES = YES;
				CODE_SIGN_STYLE = Automatic;
				INFOPLIST_FILE = Yasmin_A_TableView_ExerciseUITests/Info.plist;
				LD_RUNPATH_SEARCH_PATHS = (
					"$(inherited)",
					"@executable_path/Frameworks",
					"@loader_path/Frameworks",
				);
				PRODUCT_BUNDLE_IDENTIFIER = "Genesys-Works.Yasmin-A-TableView-ExerciseUITests";
				PRODUCT_NAME = "$(TARGET_NAME)";
				SWIFT_VERSION = 5.0;
				TARGETED_DEVICE_FAMILY = "1,2";
				TEST_TARGET_NAME = Yasmin_A_TableView_Exercise;
			};
			name = Debug;
		};
		CC3B965D24DB981B00FF2623 /* Release */ = {
			isa = XCBuildConfiguration;
			buildSettings = {
				ALWAYS_EMBED_SWIFT_STANDARD_LIBRARIES = YES;
				CODE_SIGN_STYLE = Automatic;
				INFOPLIST_FILE = Yasmin_A_TableView_ExerciseUITests/Info.plist;
				LD_RUNPATH_SEARCH_PATHS = (
					"$(inherited)",
					"@executable_path/Frameworks",
					"@loader_path/Frameworks",
				);
				PRODUCT_BUNDLE_IDENTIFIER = "Genesys-Works.Yasmin-A-TableView-ExerciseUITests";
				PRODUCT_NAME = "$(TARGET_NAME)";
				SWIFT_VERSION = 5.0;
				TARGETED_DEVICE_FAMILY = "1,2";
				TEST_TARGET_NAME = Yasmin_A_TableView_Exercise;
			};
			name = Release;
		};
/* End XCBuildConfiguration section */

/* Begin XCConfigurationList section */
		CC3B962624DB981900FF2623 /* Build configuration list for PBXProject "Yasmin_A_TableView_Exercise" */ = {
			isa = XCConfigurationList;
			buildConfigurations = (
				CC3B965324DB981B00FF2623 /* Debug */,
				CC3B965424DB981B00FF2623 /* Release */,
			);
			defaultConfigurationIsVisible = 0;
			defaultConfigurationName = Release;
		};
		CC3B965524DB981B00FF2623 /* Build configuration list for PBXNativeTarget "Yasmin_A_TableView_Exercise" */ = {
			isa = XCConfigurationList;
			buildConfigurations = (
				CC3B965624DB981B00FF2623 /* Debug */,
				CC3B965724DB981B00FF2623 /* Release */,
			);
			defaultConfigurationIsVisible = 0;
			defaultConfigurationName = Release;
		};
		CC3B965824DB981B00FF2623 /* Build configuration list for PBXNativeTarget "Yasmin_A_TableView_ExerciseTests" */ = {
			isa = XCConfigurationList;
			buildConfigurations = (
				CC3B965924DB981B00FF2623 /* Debug */,
				CC3B965A24DB981B00FF2623 /* Release */,
			);
			defaultConfigurationIsVisible = 0;
			defaultConfigurationName = Release;
		};
		CC3B965B24DB981B00FF2623 /* Build configuration list for PBXNativeTarget "Yasmin_A_TableView_ExerciseUITests" */ = {
			isa = XCConfigurationList;
			buildConfigurations = (
				CC3B965C24DB981B00FF2623 /* Debug */,
				CC3B965D24DB981B00FF2623 /* Release */,
			);
			defaultConfigurationIsVisible = 0;
			defaultConfigurationName = Release;
		};
/* End XCConfigurationList section */
	};
	rootObject = CC3B962324DB981900FF2623 /* Project object */;
}
